// !$*UTF8*$!
{
	archiveVersion = 1;
	classes = {
	};
	objectVersion = 77;
	objects = {

/* Begin PBXContainerItemProxy section */
		04218A832E9021AA00E5E4AB /* PBXContainerItemProxy */ = {
			isa = PBXContainerItemProxy;
			containerPortal = 04218A682E9021A900E5E4AB /* Project object */;
			proxyType = 1;
			remoteGlobalIDString = 04218A6F2E9021A900E5E4AB;
			remoteInfo = "PlanRadar-WeatherApp";
		};
		04218A8D2E9021AA00E5E4AB /* PBXContainerItemProxy */ = {
			isa = PBXContainerItemProxy;
			containerPortal = 04218A682E9021A900E5E4AB /* Project object */;
			proxyType = 1;
			remoteGlobalIDString = 04218A6F2E9021A900E5E4AB;
			remoteInfo = "PlanRadar-WeatherApp";
		};
/* End PBXContainerItemProxy section */

/* Begin PBXFileReference section */
		04218A702E9021A900E5E4AB /* PlanRadar-WeatherApp.app */ = {isa = PBXFileReference; explicitFileType = wrapper.application; includeInIndex = 0; path = "PlanRadar-WeatherApp.app"; sourceTree = BUILT_PRODUCTS_DIR; };
		04218A822E9021AA00E5E4AB /* PlanRadar-WeatherAppTests.xctest */ = {isa = PBXFileReference; explicitFileType = wrapper.cfbundle; includeInIndex = 0; path = "PlanRadar-WeatherAppTests.xctest"; sourceTree = BUILT_PRODUCTS_DIR; };
		04218A8C2E9021AA00E5E4AB /* PlanRadar-WeatherAppUITests.xctest */ = {isa = PBXFileReference; explicitFileType = wrapper.cfbundle; includeInIndex = 0; path = "PlanRadar-WeatherAppUITests.xctest"; sourceTree = BUILT_PRODUCTS_DIR; };
/* End PBXFileReference section */

/* Begin PBXFileSystemSynchronizedRootGroup section */
		04218A722E9021A900E5E4AB /* PlanRadar-WeatherApp */ = {
			isa = PBXFileSystemSynchronizedRootGroup;
			path = "PlanRadar-WeatherApp";
			sourceTree = "<group>";
		};
		04218A852E9021AA00E5E4AB /* PlanRadar-WeatherAppTests */ = {
			isa = PBXFileSystemSynchronizedRootGroup;
			path = "PlanRadar-WeatherAppTests";
			sourceTree = "<group>";
		};
		04218A8F2E9021AA00E5E4AB /* PlanRadar-WeatherAppUITests */ = {
			isa = PBXFileSystemSynchronizedRootGroup;
			path = "PlanRadar-WeatherAppUITests";
			sourceTree = "<group>";
		};
/* End PBXFileSystemSynchronizedRootGroup section */

/* Begin PBXFrameworksBuildPhase section */
		04218A6D2E9021A900E5E4AB /* Frameworks */ = {
			isa = PBXFrameworksBuildPhase;
			buildActionMask = 2147483647;
			files = (
			);
			runOnlyForDeploymentPostprocessing = 0;
		};
		04218A7F2E9021AA00E5E4AB /* Frameworks */ = {
			isa = PBXFrameworksBuildPhase;
			buildActionMask = 2147483647;
			files = (
			);
			runOnlyForDeploymentPostprocessing = 0;
		};
		04218A892E9021AA00E5E4AB /* Frameworks */ = {
			isa = PBXFrameworksBuildPhase;
			buildActionMask = 2147483647;
			files = (
			);
			runOnlyForDeploymentPostprocessing = 0;
		};
/* End PBXFrameworksBuildPhase section */

/* Begin PBXGroup section */
		04218A672E9021A900E5E4AB = {
			isa = PBXGroup;
			children = (
				04218A722E9021A900E5E4AB /* PlanRadar-WeatherApp */,
				04218A852E9021AA00E5E4AB /* PlanRadar-WeatherAppTests */,
				04218A8F2E9021AA00E5E4AB /* PlanRadar-WeatherAppUITests */,
				04218A712E9021A900E5E4AB /* Products */,
			);
			sourceTree = "<group>";
		};
		04218A712E9021A900E5E4AB /* Products */ = {
			isa = PBXGroup;
			children = (
				04218A702E9021A900E5E4AB /* PlanRadar-WeatherApp.app */,
				04218A822E9021AA00E5E4AB /* PlanRadar-WeatherAppTests.xctest */,
				04218A8C2E9021AA00E5E4AB /* PlanRadar-WeatherAppUITests.xctest */,
			);
			name = Products;
			sourceTree = "<group>";
		};
/* End PBXGroup section */

/* Begin PBXNativeTarget section */
		04218A6F2E9021A900E5E4AB /* PlanRadar-WeatherApp */ = {
			isa = PBXNativeTarget;
			buildConfigurationList = 04218A962E9021AA00E5E4AB /* Build configuration list for PBXNativeTarget "PlanRadar-WeatherApp" */;
			buildPhases = (
				04218A6C2E9021A900E5E4AB /* Sources */,
				04218A6D2E9021A900E5E4AB /* Frameworks */,
				04218A6E2E9021A900E5E4AB /* Resources */,
			);
			buildRules = (
			);
			dependencies = (
			);
			fileSystemSynchronizedGroups = (
				04218A722E9021A900E5E4AB /* PlanRadar-WeatherApp */,
			);
			name = "PlanRadar-WeatherApp";
			packageProductDependencies = (
			);
			productName = "PlanRadar-WeatherApp";
			productReference = 04218A702E9021A900E5E4AB /* PlanRadar-WeatherApp.app */;
			productType = "com.apple.product-type.application";
		};
		04218A812E9021AA00E5E4AB /* PlanRadar-WeatherAppTests */ = {
			isa = PBXNativeTarget;
			buildConfigurationList = 04218A992E9021AA00E5E4AB /* Build configuration list for PBXNativeTarget "PlanRadar-WeatherAppTests" */;
			buildPhases = (
				04218A7E2E9021AA00E5E4AB /* Sources */,
				04218A7F2E9021AA00E5E4AB /* Frameworks */,
				04218A802E9021AA00E5E4AB /* Resources */,
			);
			buildRules = (
			);
			dependencies = (
				04218A842E9021AA00E5E4AB /* PBXTargetDependency */,
			);
			fileSystemSynchronizedGroups = (
				04218A852E9021AA00E5E4AB /* PlanRadar-WeatherAppTests */,
			);
			name = "PlanRadar-WeatherAppTests";
			packageProductDependencies = (
			);
			productName = "PlanRadar-WeatherAppTests";
			productReference = 04218A822E9021AA00E5E4AB /* PlanRadar-WeatherAppTests.xctest */;
			productType = "com.apple.product-type.bundle.unit-test";
		};
		04218A8B2E9021AA00E5E4AB /* PlanRadar-WeatherAppUITests */ = {
			isa = PBXNativeTarget;
			buildConfigurationList = 04218A9C2E9021AA00E5E4AB /* Build configuration list for PBXNativeTarget "PlanRadar-WeatherAppUITests" */;
			buildPhases = (
				04218A882E9021AA00E5E4AB /* Sources */,
				04218A892E9021AA00E5E4AB /* Frameworks */,
				04218A8A2E9021AA00E5E4AB /* Resources */,
			);
			buildRules = (
			);
			dependencies = (
				04218A8E2E9021AA00E5E4AB /* PBXTargetDependency */,
			);
			fileSystemSynchronizedGroups = (
				04218A8F2E9021AA00E5E4AB /* PlanRadar-WeatherAppUITests */,
			);
			name = "PlanRadar-WeatherAppUITests";
			packageProductDependencies = (
			);
			productName = "PlanRadar-WeatherAppUITests";
			productReference = 04218A8C2E9021AA00E5E4AB /* PlanRadar-WeatherAppUITests.xctest */;
			productType = "com.apple.product-type.bundle.ui-testing";
		};
/* End PBXNativeTarget section */

/* Begin PBXProject section */
		04218A682E9021A900E5E4AB /* Project object */ = {
			isa = PBXProject;
			attributes = {
				BuildIndependentTargetsInParallel = 1;
				LastSwiftUpdateCheck = 2600;
				LastUpgradeCheck = 2600;
				TargetAttributes = {
					04218A6F2E9021A900E5E4AB = {
						CreatedOnToolsVersion = 26.0;
						LastSwiftMigration = 2600;
					};
					04218A812E9021AA00E5E4AB = {
						CreatedOnToolsVersion = 26.0;
						TestTargetID = 04218A6F2E9021A900E5E4AB;
					};
					04218A8B2E9021AA00E5E4AB = {
						CreatedOnToolsVersion = 26.0;
						TestTargetID = 04218A6F2E9021A900E5E4AB;
					};
				};
			};
			buildConfigurationList = 04218A6B2E9021A900E5E4AB /* Build configuration list for PBXProject "PlanRadar-WeatherApp" */;
			developmentRegion = en;
			hasScannedForEncodings = 0;
			knownRegions = (
				en,
				Base,
			);
			mainGroup = 04218A672E9021A900E5E4AB;
			minimizedProjectReferenceProxies = 1;
			preferredProjectObjectVersion = 77;
			productRefGroup = 04218A712E9021A900E5E4AB /* Products */;
			projectDirPath = "";
			projectRoot = "";
			targets = (
				04218A6F2E9021A900E5E4AB /* PlanRadar-WeatherApp */,
				04218A812E9021AA00E5E4AB /* PlanRadar-WeatherAppTests */,
				04218A8B2E9021AA00E5E4AB /* PlanRadar-WeatherAppUITests */,
			);
		};
/* End PBXProject section */

/* Begin PBXResourcesBuildPhase section */
		04218A6E2E9021A900E5E4AB /* Resources */ = {
			isa = PBXResourcesBuildPhase;
			buildActionMask = 2147483647;
			files = (
			);
			runOnlyForDeploymentPostprocessing = 0;
		};
		04218A802E9021AA00E5E4AB /* Resources */ = {
			isa = PBXResourcesBuildPhase;
			buildActionMask = 2147483647;
			files = (
			);
			runOnlyForDeploymentPostprocessing = 0;
		};
		04218A8A2E9021AA00E5E4AB /* Resources */ = {
			isa = PBXResourcesBuildPhase;
			buildActionMask = 2147483647;
			files = (
			);
			runOnlyForDeploymentPostprocessing = 0;
		};
/* End PBXResourcesBuildPhase section */

/* Begin PBXSourcesBuildPhase section */
		04218A6C2E9021A900E5E4AB /* Sources */ = {
			isa = PBXSourcesBuildPhase;
			buildActionMask = 2147483647;
			files = (
			);
			runOnlyForDeploymentPostprocessing = 0;
		};
		04218A7E2E9021AA00E5E4AB /* Sources */ = {
			isa = PBXSourcesBuildPhase;
			buildActionMask = 2147483647;
			files = (
			);
			runOnlyForDeploymentPostprocessing = 0;
		};
		04218A882E9021AA00E5E4AB /* Sources */ = {
			isa = PBXSourcesBuildPhase;
			buildActionMask = 2147483647;
			files = (
			);
			runOnlyForDeploymentPostprocessing = 0;
		};
/* End PBXSourcesBuildPhase section */

/* Begin PBXTargetDependency section */
		04218A842E9021AA00E5E4AB /* PBXTargetDependency */ = {
			isa = PBXTargetDependency;
			target = 04218A6F2E9021A900E5E4AB /* PlanRadar-WeatherApp */;
			targetProxy = 04218A832E9021AA00E5E4AB /* PBXContainerItemProxy */;
		};
		04218A8E2E9021AA00E5E4AB /* PBXTargetDependency */ = {
			isa = PBXTargetDependency;
			target = 04218A6F2E9021A900E5E4AB /* PlanRadar-WeatherApp */;
			targetProxy = 04218A8D2E9021AA00E5E4AB /* PBXContainerItemProxy */;
		};
/* End PBXTargetDependency section */

/* Begin XCBuildConfiguration section */
		04218A942E9021AA00E5E4AB /* Debug */ = {
			isa = XCBuildConfiguration;
			buildSettings = {
				ALWAYS_SEARCH_USER_PATHS = NO;
				ASSETCATALOG_COMPILER_GENERATE_SWIFT_ASSET_SYMBOL_EXTENSIONS = YES;
				CLANG_ANALYZER_NONNULL = YES;
				CLANG_ANALYZER_NUMBER_OBJECT_CONVERSION = YES_AGGRESSIVE;
				CLANG_CXX_LANGUAGE_STANDARD = "gnu++20";
				CLANG_ENABLE_MODULES = YES;
				CLANG_ENABLE_OBJC_ARC = YES;
				CLANG_ENABLE_OBJC_WEAK = YES;
				CLANG_WARN_BLOCK_CAPTURE_AUTORELEASING = YES;
				CLANG_WARN_BOOL_CONVERSION = YES;
				CLANG_WARN_COMMA = YES;
				CLANG_WARN_CONSTANT_CONVERSION = YES;
				CLANG_WARN_DEPRECATED_OBJC_IMPLEMENTATIONS = YES;
				CLANG_WARN_DIRECT_OBJC_ISA_USAGE = YES_ERROR;
				CLANG_WARN_DOCUMENTATION_COMMENTS = YES;
				CLANG_WARN_EMPTY_BODY = YES;
				CLANG_WARN_ENUM_CONVERSION = YES;
				CLANG_WARN_INFINITE_RECURSION = YES;
				CLANG_WARN_INT_CONVERSION = YES;
				CLANG_WARN_NON_LITERAL_NULL_CONVERSION = YES;
				CLANG_WARN_OBJC_IMPLICIT_RETAIN_SELF = YES;
				CLANG_WARN_OBJC_LITERAL_CONVERSION = YES;
				CLANG_WARN_OBJC_ROOT_CLASS = YES_ERROR;
				CLANG_WARN_QUOTED_INCLUDE_IN_FRAMEWORK_HEADER = YES;
				CLANG_WARN_RANGE_LOOP_ANALYSIS = YES;
				CLANG_WARN_STRICT_PROTOTYPES = YES;
				CLANG_WARN_SUSPICIOUS_MOVE = YES;
				CLANG_WARN_UNGUARDED_AVAILABILITY = YES_AGGRESSIVE;
				CLANG_WARN_UNREACHABLE_CODE = YES;
				CLANG_WARN__DUPLICATE_METHOD_MATCH = YES;
				COPY_PHASE_STRIP = NO;
				DEBUG_INFORMATION_FORMAT = dwarf;
				DEVELOPMENT_TEAM = 972NUAMS4D;
				ENABLE_STRICT_OBJC_MSGSEND = YES;
				ENABLE_TESTABILITY = YES;
				ENABLE_USER_SCRIPT_SANDBOXING = YES;
				GCC_C_LANGUAGE_STANDARD = gnu17;
				GCC_DYNAMIC_NO_PIC = NO;
				GCC_NO_COMMON_BLOCKS = YES;
				GCC_OPTIMIZATION_LEVEL = 0;
				GCC_PREPROCESSOR_DEFINITIONS = (
					"DEBUG=1",
					"$(inherited)",
				);
				GCC_WARN_64_TO_32_BIT_CONVERSION = YES;
				GCC_WARN_ABOUT_RETURN_TYPE = YES_ERROR;
				GCC_WARN_UNDECLARED_SELECTOR = YES;
				GCC_WARN_UNINITIALIZED_AUTOS = YES_AGGRESSIVE;
				GCC_WARN_UNUSED_FUNCTION = YES;
				GCC_WARN_UNUSED_VARIABLE = YES;
				IPHONEOS_DEPLOYMENT_TARGET = 26.0;
				LOCALIZATION_PREFERS_STRING_CATALOGS = YES;
				MTL_ENABLE_DEBUG_INFO = INCLUDE_SOURCE;
				MTL_FAST_MATH = YES;
				ONLY_ACTIVE_ARCH = YES;
				SDKROOT = iphoneos;
				SWIFT_ACTIVE_COMPILATION_CONDITIONS = "DEBUG $(inherited)";
				SWIFT_OPTIMIZATION_LEVEL = "-Onone";
			};
			name = Debug;
		};
		04218A952E9021AA00E5E4AB /* Release */ = {
			isa = XCBuildConfiguration;
			buildSettings = {
				ALWAYS_SEARCH_USER_PATHS = NO;
				ASSETCATALOG_COMPILER_GENERATE_SWIFT_ASSET_SYMBOL_EXTENSIONS = YES;
				CLANG_ANALYZER_NONNULL = YES;
				CLANG_ANALYZER_NUMBER_OBJECT_CONVERSION = YES_AGGRESSIVE;
				CLANG_CXX_LANGUAGE_STANDARD = "gnu++20";
				CLANG_ENABLE_MODULES = YES;
				CLANG_ENABLE_OBJC_ARC = YES;
				CLANG_ENABLE_OBJC_WEAK = YES;
				CLANG_WARN_BLOCK_CAPTURE_AUTORELEASING = YES;
				CLANG_WARN_BOOL_CONVERSION = YES;
				CLANG_WARN_COMMA = YES;
				CLANG_WARN_CONSTANT_CONVERSION = YES;
				CLANG_WARN_DEPRECATED_OBJC_IMPLEMENTATIONS = YES;
				CLANG_WARN_DIRECT_OBJC_ISA_USAGE = YES_ERROR;
				CLANG_WARN_DOCUMENTATION_COMMENTS = YES;
				CLANG_WARN_EMPTY_BODY = YES;
				CLANG_WARN_ENUM_CONVERSION = YES;
				CLANG_WARN_INFINITE_RECURSION = YES;
				CLANG_WARN_INT_CONVERSION = YES;
				CLANG_WARN_NON_LITERAL_NULL_CONVERSION = YES;
				CLANG_WARN_OBJC_IMPLICIT_RETAIN_SELF = YES;
				CLANG_WARN_OBJC_LITERAL_CONVERSION = YES;
				CLANG_WARN_OBJC_ROOT_CLASS = YES_ERROR;
				CLANG_WARN_QUOTED_INCLUDE_IN_FRAMEWORK_HEADER = YES;
				CLANG_WARN_RANGE_LOOP_ANALYSIS = YES;
				CLANG_WARN_STRICT_PROTOTYPES = YES;
				CLANG_WARN_SUSPICIOUS_MOVE = YES;
				CLANG_WARN_UNGUARDED_AVAILABILITY = YES_AGGRESSIVE;
				CLANG_WARN_UNREACHABLE_CODE = YES;
				CLANG_WARN__DUPLICATE_METHOD_MATCH = YES;
				COPY_PHASE_STRIP = NO;
				DEBUG_INFORMATION_FORMAT = "dwarf-with-dsym";
				DEVELOPMENT_TEAM = 972NUAMS4D;
				ENABLE_NS_ASSERTIONS = NO;
				ENABLE_STRICT_OBJC_MSGSEND = YES;
				ENABLE_USER_SCRIPT_SANDBOXING = YES;
				GCC_C_LANGUAGE_STANDARD = gnu17;
				GCC_NO_COMMON_BLOCKS = YES;
				GCC_WARN_64_TO_32_BIT_CONVERSION = YES;
				GCC_WARN_ABOUT_RETURN_TYPE = YES_ERROR;
				GCC_WARN_UNDECLARED_SELECTOR = YES;
				GCC_WARN_UNINITIALIZED_AUTOS = YES_AGGRESSIVE;
				GCC_WARN_UNUSED_FUNCTION = YES;
				GCC_WARN_UNUSED_VARIABLE = YES;
				IPHONEOS_DEPLOYMENT_TARGET = 26.0;
				LOCALIZATION_PREFERS_STRING_CATALOGS = YES;
				MTL_ENABLE_DEBUG_INFO = NO;
				MTL_FAST_MATH = YES;
				SDKROOT = iphoneos;
				SWIFT_COMPILATION_MODE = wholemodule;
				VALIDATE_PRODUCT = YES;
			};
			name = Release;
		};
		04218A972E9021AA00E5E4AB /* Debug */ = {
			isa = XCBuildConfiguration;
			buildSettings = {
				ASSETCATALOG_COMPILER_APPICON_NAME = AppIcon;
				ASSETCATALOG_COMPILER_GLOBAL_ACCENT_COLOR_NAME = AccentColor;
				CLANG_ENABLE_MODULES = YES;
				CODE_SIGN_STYLE = Automatic;
				CURRENT_PROJECT_VERSION = 1;
				DEVELOPMENT_TEAM = 972NUAMS4D;
				ENABLE_PREVIEWS = YES;
				GENERATE_INFOPLIST_FILE = YES;
				INFOPLIST_KEY_UIApplicationSceneManifest_Generation = YES;
				INFOPLIST_KEY_UIApplicationSupportsIndirectInputEvents = YES;
				INFOPLIST_KEY_UILaunchScreen_Generation = YES;
				INFOPLIST_KEY_UISupportedInterfaceOrientations_iPad = "UIInterfaceOrientationPortrait UIInterfaceOrientationPortraitUpsideDown UIInterfaceOrientationLandscapeLeft UIInterfaceOrientationLandscapeRight";
				INFOPLIST_KEY_UISupportedInterfaceOrientations_iPhone = "UIInterfaceOrientationPortrait UIInterfaceOrientationLandscapeLeft UIInterfaceOrientationLandscapeRight";
				IPHONEOS_DEPLOYMENT_TARGET = 16.6;
				LD_RUNPATH_SEARCH_PATHS = (
					"$(inherited)",
					"@executable_path/Frameworks",
				);
				MARKETING_VERSION = 1.0;
				PRODUCT_BUNDLE_IDENTIFIER = "com.mostafa.PlanRadar-WeatherApp";
				PRODUCT_NAME = "$(TARGET_NAME)";
				STRING_CATALOG_GENERATE_SYMBOLS = YES;
				SWIFT_APPROACHABLE_CONCURRENCY = YES;
				SWIFT_DEFAULT_ACTOR_ISOLATION = MainActor;
				SWIFT_EMIT_LOC_STRINGS = YES;
				SWIFT_OBJC_BRIDGING_HEADER = "PlanRadar-WeatherApp/Models/PlanRadar-WeatherApp-Bridging-Header.h";
				SWIFT_OPTIMIZATION_LEVEL = "-Onone";
				SWIFT_UPCOMING_FEATURE_MEMBER_IMPORT_VISIBILITY = YES;
				SWIFT_VERSION = 5.0;
				TARGETED_DEVICE_FAMILY = "1,2";
			};
			name = Debug;
		};
		04218A982E9021AA00E5E4AB /* Release */ = {
			isa = XCBuildConfiguration;
			buildSettings = {
				ASSETCATALOG_COMPILER_APPICON_NAME = AppIcon;
				ASSETCATALOG_COMPILER_GLOBAL_ACCENT_COLOR_NAME = AccentColor;
				CLANG_ENABLE_MODULES = YES;
				CODE_SIGN_STYLE = Automatic;
				CURRENT_PROJECT_VERSION = 1;
				DEVELOPMENT_TEAM = 972NUAMS4D;
				ENABLE_PREVIEWS = YES;
				GENERATE_INFOPLIST_FILE = YES;
				INFOPLIST_KEY_UIApplicationSceneManifest_Generation = YES;
				INFOPLIST_KEY_UIApplicationSupportsIndirectInputEvents = YES;
				INFOPLIST_KEY_UILaunchScreen_Generation = YES;
				INFOPLIST_KEY_UISupportedInterfaceOrientations_iPad = "UIInterfaceOrientationPortrait UIInterfaceOrientationPortraitUpsideDown UIInterfaceOrientationLandscapeLeft UIInterfaceOrientationLandscapeRight";
				INFOPLIST_KEY_UISupportedInterfaceOrientations_iPhone = "UIInterfaceOrientationPortrait UIInterfaceOrientationLandscapeLeft UIInterfaceOrientationLandscapeRight";
				IPHONEOS_DEPLOYMENT_TARGET = 16.6;
				LD_RUNPATH_SEARCH_PATHS = (
					"$(inherited)",
					"@executable_path/Frameworks",
				);
				MARKETING_VERSION = 1.0;
				PRODUCT_BUNDLE_IDENTIFIER = "com.mostafa.PlanRadar-WeatherApp";
				PRODUCT_NAME = "$(TARGET_NAME)";
				STRING_CATALOG_GENERATE_SYMBOLS = YES;
				SWIFT_APPROACHABLE_CONCURRENCY = YES;
				SWIFT_DEFAULT_ACTOR_ISOLATION = MainActor;
				SWIFT_EMIT_LOC_STRINGS = YES;
				SWIFT_OBJC_BRIDGING_HEADER = "PlanRadar-WeatherApp/Models/PlanRadar-WeatherApp-Bridging-Header.h";
				SWIFT_UPCOMING_FEATURE_MEMBER_IMPORT_VISIBILITY = YES;
				SWIFT_VERSION = 5.0;
				TARGETED_DEVICE_FAMILY = "1,2";
			};
			name = Release;
		};
		04218A9A2E9021AA00E5E4AB /* Debug */ = {
			isa = XCBuildConfiguration;
			buildSettings = {
				BUNDLE_LOADER = "$(TEST_HOST)";
				CODE_SIGN_STYLE = Automatic;
				CURRENT_PROJECT_VERSION = 1;
				DEVELOPMENT_TEAM = 972NUAMS4D;
				GENERATE_INFOPLIST_FILE = YES;
				IPHONEOS_DEPLOYMENT_TARGET = 26.0;
				MARKETING_VERSION = 1.0;
				PRODUCT_BUNDLE_IDENTIFIER = "com.mostafa.PlanRadar-WeatherAppTests";
				PRODUCT_NAME = "$(TARGET_NAME)";
				STRING_CATALOG_GENERATE_SYMBOLS = NO;
				SWIFT_APPROACHABLE_CONCURRENCY = YES;
				SWIFT_EMIT_LOC_STRINGS = NO;
				SWIFT_UPCOMING_FEATURE_MEMBER_IMPORT_VISIBILITY = YES;
				SWIFT_VERSION = 5.0;
				TARGETED_DEVICE_FAMILY = "1,2";
				TEST_HOST = "$(BUILT_PRODUCTS_DIR)/PlanRadar-WeatherApp.app/$(BUNDLE_EXECUTABLE_FOLDER_PATH)/PlanRadar-WeatherApp";
			};
			name = Debug;
		};
		04218A9B2E9021AA00E5E4AB /* Release */ = {
			isa = XCBuildConfiguration;
			buildSettings = {
				BUNDLE_LOADER = "$(TEST_HOST)";
				CODE_SIGN_STYLE = Automatic;
				CURRENT_PROJECT_VERSION = 1;
				DEVELOPMENT_TEAM = 972NUAMS4D;
				GENERATE_INFOPLIST_FILE = YES;
				IPHONEOS_DEPLOYMENT_TARGET = 26.0;
				MARKETING_VERSION = 1.0;
				PRODUCT_BUNDLE_IDENTIFIER = "com.mostafa.PlanRadar-WeatherAppTests";
				PRODUCT_NAME = "$(TARGET_NAME)";
				STRING_CATALOG_GENERATE_SYMBOLS = NO;
				SWIFT_APPROACHABLE_CONCURRENCY = YES;
				SWIFT_EMIT_LOC_STRINGS = NO;
				SWIFT_UPCOMING_FEATURE_MEMBER_IMPORT_VISIBILITY = YES;
				SWIFT_VERSION = 5.0;
				TARGETED_DEVICE_FAMILY = "1,2";
				TEST_HOST = "$(BUILT_PRODUCTS_DIR)/PlanRadar-WeatherApp.app/$(BUNDLE_EXECUTABLE_FOLDER_PATH)/PlanRadar-WeatherApp";
			};
			name = Release;
		};
		04218A9D2E9021AA00E5E4AB /* Debug */ = {
			isa = XCBuildConfiguration;
			buildSettings = {
				CODE_SIGN_STYLE = Automatic;
				CURRENT_PROJECT_VERSION = 1;
				DEVELOPMENT_TEAM = 972NUAMS4D;
				GENERATE_INFOPLIST_FILE = YES;
				MARKETING_VERSION = 1.0;
				PRODUCT_BUNDLE_IDENTIFIER = "com.mostafa.PlanRadar-WeatherAppUITests";
				PRODUCT_NAME = "$(TARGET_NAME)";
				STRING_CATALOG_GENERATE_SYMBOLS = NO;
				SWIFT_APPROACHABLE_CONCURRENCY = YES;
				SWIFT_EMIT_LOC_STRINGS = NO;
				SWIFT_UPCOMING_FEATURE_MEMBER_IMPORT_VISIBILITY = YES;
				SWIFT_VERSION = 5.0;
				TARGETED_DEVICE_FAMILY = "1,2";
				TEST_TARGET_NAME = "PlanRadar-WeatherApp";
			};
			name = Debug;
		};
		04218A9E2E9021AA00E5E4AB /* Release */ = {
			isa = XCBuildConfiguration;
			buildSettings = {
				CODE_SIGN_STYLE = Automatic;
				CURRENT_PROJECT_VERSION = 1;
				DEVELOPMENT_TEAM = 972NUAMS4D;
				GENERATE_INFOPLIST_FILE = YES;
				MARKETING_VERSION = 1.0;
				PRODUCT_BUNDLE_IDENTIFIER = "com.mostafa.PlanRadar-WeatherAppUITests";
				PRODUCT_NAME = "$(TARGET_NAME)";
				STRING_CATALOG_GENERATE_SYMBOLS = NO;
				SWIFT_APPROACHABLE_CONCURRENCY = YES;
				SWIFT_EMIT_LOC_STRINGS = NO;
				SWIFT_UPCOMING_FEATURE_MEMBER_IMPORT_VISIBILITY = YES;
				SWIFT_VERSION = 5.0;
				TARGETED_DEVICE_FAMILY = "1,2";
				TEST_TARGET_NAME = "PlanRadar-WeatherApp";
			};
			name = Release;
		};
/* End XCBuildConfiguration section */

/* Begin XCConfigurationList section */
		04218A6B2E9021A900E5E4AB /* Build configuration list for PBXProject "PlanRadar-WeatherApp" */ = {
			isa = XCConfigurationList;
			buildConfigurations = (
				04218A942E9021AA00E5E4AB /* Debug */,
				04218A952E9021AA00E5E4AB /* Release */,
			);
			defaultConfigurationIsVisible = 0;
			defaultConfigurationName = Release;
		};
		04218A962E9021AA00E5E4AB /* Build configuration list for PBXNativeTarget "PlanRadar-WeatherApp" */ = {
			isa = XCConfigurationList;
			buildConfigurations = (
				04218A972E9021AA00E5E4AB /* Debug */,
				04218A982E9021AA00E5E4AB /* Release */,
			);
			defaultConfigurationIsVisible = 0;
			defaultConfigurationName = Release;
		};
		04218A992E9021AA00E5E4AB /* Build configuration list for PBXNativeTarget "PlanRadar-WeatherAppTests" */ = {
			isa = XCConfigurationList;
			buildConfigurations = (
				04218A9A2E9021AA00E5E4AB /* Debug */,
				04218A9B2E9021AA00E5E4AB /* Release */,
			);
			defaultConfigurationIsVisible = 0;
			defaultConfigurationName = Release;
		};
		04218A9C2E9021AA00E5E4AB /* Build configuration list for PBXNativeTarget "PlanRadar-WeatherAppUITests" */ = {
			isa = XCConfigurationList;
			buildConfigurations = (
				04218A9D2E9021AA00E5E4AB /* Debug */,
				04218A9E2E9021AA00E5E4AB /* Release */,
			);
			defaultConfigurationIsVisible = 0;
			defaultConfigurationName = Release;
		};
/* End XCConfigurationList section */
	};
	rootObject = 04218A682E9021A900E5E4AB /* Project object */;
}
